// !$*UTF8*$!
{
	archiveVersion = 1;
	classes = {
	};
	objectVersion = 50;
	objects = {

/* Begin PBXBuildFile section */
		6A05A66F22B124CA007977AE /* AppDelegate.m in Sources */ = {isa = PBXBuildFile; fileRef = 6A05A66E22B124CA007977AE /* AppDelegate.m */; };
		6A05A67222B124CA007977AE /* ViewController.m in Sources */ = {isa = PBXBuildFile; fileRef = 6A05A67122B124CA007977AE /* ViewController.m */; };
		6A05A67522B124CA007977AE /* Main.storyboard in Resources */ = {isa = PBXBuildFile; fileRef = 6A05A67322B124CA007977AE /* Main.storyboard */; };
		6A05A67722B124DB007977AE /* Assets.xcassets in Resources */ = {isa = PBXBuildFile; fileRef = 6A05A67622B124DB007977AE /* Assets.xcassets */; };
		6A05A67A22B124DB007977AE /* LaunchScreen.storyboard in Resources */ = {isa = PBXBuildFile; fileRef = 6A05A67822B124DB007977AE /* LaunchScreen.storyboard */; };
		6A05A67D22B124DB007977AE /* main.m in Sources */ = {isa = PBXBuildFile; fileRef = 6A05A67C22B124DB007977AE /* main.m */; };
		6A05A68722B124DB007977AE /* LinkedIn_iOSTests.m in Sources */ = {isa = PBXBuildFile; fileRef = 6A05A68622B124DB007977AE /* LinkedIn_iOSTests.m */; };
		6A05A69222B124DB007977AE /* LinkedIn_iOSUITests.m in Sources */ = {isa = PBXBuildFile; fileRef = 6A05A69122B124DB007977AE /* LinkedIn_iOSUITests.m */; };
/* End PBXBuildFile section */

/* Begin PBXContainerItemProxy section */
		6A05A68322B124DB007977AE /* PBXContainerItemProxy */ = {
			isa = PBXContainerItemProxy;
			containerPortal = 6A05A66222B124CA007977AE /* Project object */;
			proxyType = 1;
			remoteGlobalIDString = 6A05A66922B124CA007977AE;
			remoteInfo = "LinkedIn-iOS";
		};
		6A05A68E22B124DB007977AE /* PBXContainerItemProxy */ = {
			isa = PBXContainerItemProxy;
			containerPortal = 6A05A66222B124CA007977AE /* Project object */;
			proxyType = 1;
			remoteGlobalIDString = 6A05A66922B124CA007977AE;
			remoteInfo = "LinkedIn-iOS";
		};
/* End PBXContainerItemProxy section */

/* Begin PBXFileReference section */
		6A05A66A22B124CA007977AE /* LinkedIn-iOS.app */ = {isa = PBXFileReference; explicitFileType = wrapper.application; includeInIndex = 0; path = "LinkedIn-iOS.app"; sourceTree = BUILT_PRODUCTS_DIR; };
		6A05A66D22B124CA007977AE /* AppDelegate.h */ = {isa = PBXFileReference; lastKnownFileType = sourcecode.c.h; path = AppDelegate.h; sourceTree = "<group>"; };
		6A05A66E22B124CA007977AE /* AppDelegate.m */ = {isa = PBXFileReference; lastKnownFileType = sourcecode.c.objc; path = AppDelegate.m; sourceTree = "<group>"; };
		6A05A67022B124CA007977AE /* ViewController.h */ = {isa = PBXFileReference; lastKnownFileType = sourcecode.c.h; path = ViewController.h; sourceTree = "<group>"; };
		6A05A67122B124CA007977AE /* ViewController.m */ = {isa = PBXFileReference; lastKnownFileType = sourcecode.c.objc; path = ViewController.m; sourceTree = "<group>"; };
		6A05A67422B124CA007977AE /* Base */ = {isa = PBXFileReference; lastKnownFileType = file.storyboard; name = Base; path = Base.lproj/Main.storyboard; sourceTree = "<group>"; };
		6A05A67622B124DB007977AE /* Assets.xcassets */ = {isa = PBXFileReference; lastKnownFileType = folder.assetcatalog; path = Assets.xcassets; sourceTree = "<group>"; };
		6A05A67922B124DB007977AE /* Base */ = {isa = PBXFileReference; lastKnownFileType = file.storyboard; name = Base; path = Base.lproj/LaunchScreen.storyboard; sourceTree = "<group>"; };
		6A05A67B22B124DB007977AE /* Info.plist */ = {isa = PBXFileReference; lastKnownFileType = text.plist.xml; path = Info.plist; sourceTree = "<group>"; };
		6A05A67C22B124DB007977AE /* main.m */ = {isa = PBXFileReference; lastKnownFileType = sourcecode.c.objc; path = main.m; sourceTree = "<group>"; };
		6A05A68222B124DB007977AE /* LinkedIn-iOSTests.xctest */ = {isa = PBXFileReference; explicitFileType = wrapper.cfbundle; includeInIndex = 0; path = "LinkedIn-iOSTests.xctest"; sourceTree = BUILT_PRODUCTS_DIR; };
		6A05A68622B124DB007977AE /* LinkedIn_iOSTests.m */ = {isa = PBXFileReference; lastKnownFileType = sourcecode.c.objc; path = LinkedIn_iOSTests.m; sourceTree = "<group>"; };
		6A05A68822B124DB007977AE /* Info.plist */ = {isa = PBXFileReference; lastKnownFileType = text.plist.xml; path = Info.plist; sourceTree = "<group>"; };
		6A05A68D22B124DB007977AE /* LinkedIn-iOSUITests.xctest */ = {isa = PBXFileReference; explicitFileType = wrapper.cfbundle; includeInIndex = 0; path = "LinkedIn-iOSUITests.xctest"; sourceTree = BUILT_PRODUCTS_DIR; };
		6A05A69122B124DB007977AE /* LinkedIn_iOSUITests.m */ = {isa = PBXFileReference; lastKnownFileType = sourcecode.c.objc; path = LinkedIn_iOSUITests.m; sourceTree = "<group>"; };
		6A05A69322B124DB007977AE /* Info.plist */ = {isa = PBXFileReference; lastKnownFileType = text.plist.xml; path = Info.plist; sourceTree = "<group>"; };
/* End PBXFileReference section */

/* Begin PBXFrameworksBuildPhase section */
		6A05A66722B124CA007977AE /* Frameworks */ = {
			isa = PBXFrameworksBuildPhase;
			buildActionMask = 2147483647;
			files = (
			);
			runOnlyForDeploymentPostprocessing = 0;
		};
		6A05A67F22B124DB007977AE /* Frameworks */ = {
			isa = PBXFrameworksBuildPhase;
			buildActionMask = 2147483647;
			files = (
			);
			runOnlyForDeploymentPostprocessing = 0;
		};
		6A05A68A22B124DB007977AE /* Frameworks */ = {
			isa = PBXFrameworksBuildPhase;
			buildActionMask = 2147483647;
			files = (
			);
			runOnlyForDeploymentPostprocessing = 0;
		};
/* End PBXFrameworksBuildPhase section */

/* Begin PBXGroup section */
		6A05A66122B124CA007977AE = {
			isa = PBXGroup;
			children = (
				6A05A66C22B124CA007977AE /* LinkedIn-iOS */,
				6A05A68522B124DB007977AE /* LinkedIn-iOSTests */,
				6A05A69022B124DB007977AE /* LinkedIn-iOSUITests */,
				6A05A66B22B124CA007977AE /* Products */,
			);
			sourceTree = "<group>";
		};
		6A05A66B22B124CA007977AE /* Products */ = {
			isa = PBXGroup;
			children = (
				6A05A66A22B124CA007977AE /* LinkedIn-iOS.app */,
				6A05A68222B124DB007977AE /* LinkedIn-iOSTests.xctest */,
				6A05A68D22B124DB007977AE /* LinkedIn-iOSUITests.xctest */,
			);
			name = Products;
			sourceTree = "<group>";
		};
		6A05A66C22B124CA007977AE /* LinkedIn-iOS */ = {
			isa = PBXGroup;
			children = (
				6A05A66D22B124CA007977AE /* AppDelegate.h */,
				6A05A66E22B124CA007977AE /* AppDelegate.m */,
				6A05A67022B124CA007977AE /* ViewController.h */,
				6A05A67122B124CA007977AE /* ViewController.m */,
				6A05A67322B124CA007977AE /* Main.storyboard */,
				6A05A67622B124DB007977AE /* Assets.xcassets */,
				6A05A67822B124DB007977AE /* LaunchScreen.storyboard */,
				6A05A67B22B124DB007977AE /* Info.plist */,
				6A05A67C22B124DB007977AE /* main.m */,
			);
			path = "LinkedIn-iOS";
			sourceTree = "<group>";
		};
		6A05A68522B124DB007977AE /* LinkedIn-iOSTests */ = {
			isa = PBXGroup;
			children = (
				6A05A68622B124DB007977AE /* LinkedIn_iOSTests.m */,
				6A05A68822B124DB007977AE /* Info.plist */,
			);
			path = "LinkedIn-iOSTests";
			sourceTree = "<group>";
		};
		6A05A69022B124DB007977AE /* LinkedIn-iOSUITests */ = {
			isa = PBXGroup;
			children = (
				6A05A69122B124DB007977AE /* LinkedIn_iOSUITests.m */,
				6A05A69322B124DB007977AE /* Info.plist */,
			);
			path = "LinkedIn-iOSUITests";
			sourceTree = "<group>";
		};
/* End PBXGroup section */

/* Begin PBXNativeTarget section */
		6A05A66922B124CA007977AE /* LinkedIn-iOS */ = {
			isa = PBXNativeTarget;
			buildConfigurationList = 6A05A69622B124DB007977AE /* Build configuration list for PBXNativeTarget "LinkedIn-iOS" */;
			buildPhases = (
				6A05A66622B124CA007977AE /* Sources */,
				6A05A66722B124CA007977AE /* Frameworks */,
				6A05A66822B124CA007977AE /* Resources */,
			);
			buildRules = (
			);
			dependencies = (
			);
			name = "LinkedIn-iOS";
			productName = "LinkedIn-iOS";
			productReference = 6A05A66A22B124CA007977AE /* LinkedIn-iOS.app */;
			productType = "com.apple.product-type.application";
		};
		6A05A68122B124DB007977AE /* LinkedIn-iOSTests */ = {
			isa = PBXNativeTarget;
			buildConfigurationList = 6A05A69922B124DB007977AE /* Build configuration list for PBXNativeTarget "LinkedIn-iOSTests" */;
			buildPhases = (
				6A05A67E22B124DB007977AE /* Sources */,
				6A05A67F22B124DB007977AE /* Frameworks */,
				6A05A68022B124DB007977AE /* Resources */,
			);
			buildRules = (
			);
			dependencies = (
				6A05A68422B124DB007977AE /* PBXTargetDependency */,
			);
			name = "LinkedIn-iOSTests";
			productName = "LinkedIn-iOSTests";
			productReference = 6A05A68222B124DB007977AE /* LinkedIn-iOSTests.xctest */;
			productType = "com.apple.product-type.bundle.unit-test";
		};
		6A05A68C22B124DB007977AE /* LinkedIn-iOSUITests */ = {
			isa = PBXNativeTarget;
			buildConfigurationList = 6A05A69C22B124DB007977AE /* Build configuration list for PBXNativeTarget "LinkedIn-iOSUITests" */;
			buildPhases = (
				6A05A68922B124DB007977AE /* Sources */,
				6A05A68A22B124DB007977AE /* Frameworks */,
				6A05A68B22B124DB007977AE /* Resources */,
			);
			buildRules = (
			);
			dependencies = (
				6A05A68F22B124DB007977AE /* PBXTargetDependency */,
			);
			name = "LinkedIn-iOSUITests";
			productName = "LinkedIn-iOSUITests";
			productReference = 6A05A68D22B124DB007977AE /* LinkedIn-iOSUITests.xctest */;
			productType = "com.apple.product-type.bundle.ui-testing";
		};
/* End PBXNativeTarget section */

/* Begin PBXProject section */
		6A05A66222B124CA007977AE /* Project object */ = {
			isa = PBXProject;
			attributes = {
				LastUpgradeCheck = 1010;
				ORGANIZATIONNAME = Jayasai;
				TargetAttributes = {
					6A05A66922B124CA007977AE = {
						CreatedOnToolsVersion = 10.1;
					};
					6A05A68122B124DB007977AE = {
						CreatedOnToolsVersion = 10.1;
						TestTargetID = 6A05A66922B124CA007977AE;
					};
					6A05A68C22B124DB007977AE = {
						CreatedOnToolsVersion = 10.1;
						TestTargetID = 6A05A66922B124CA007977AE;
					};
				};
			};
			buildConfigurationList = 6A05A66522B124CA007977AE /* Build configuration list for PBXProject "LinkedIn-iOS" */;
			compatibilityVersion = "Xcode 9.3";
			developmentRegion = en;
			hasScannedForEncodings = 0;
			knownRegions = (
				en,
				Base,
			);
			mainGroup = 6A05A66122B124CA007977AE;
			productRefGroup = 6A05A66B22B124CA007977AE /* Products */;
			projectDirPath = "";
			projectRoot = "";
			targets = (
				6A05A66922B124CA007977AE /* LinkedIn-iOS */,
				6A05A68122B124DB007977AE /* LinkedIn-iOSTests */,
				6A05A68C22B124DB007977AE /* LinkedIn-iOSUITests */,
			);
		};
/* End PBXProject section */

/* Begin PBXResourcesBuildPhase section */
		6A05A66822B124CA007977AE /* Resources */ = {
			isa = PBXResourcesBuildPhase;
			buildActionMask = 2147483647;
			files = (
				6A05A67A22B124DB007977AE /* LaunchScreen.storyboard in Resources */,
				6A05A67722B124DB007977AE /* Assets.xcassets in Resources */,
				6A05A67522B124CA007977AE /* Main.storyboard in Resources */,
			);
			runOnlyForDeploymentPostprocessing = 0;
		};
		6A05A68022B124DB007977AE /* Resources */ = {
			isa = PBXResourcesBuildPhase;
			buildActionMask = 2147483647;
			files = (
			);
			runOnlyForDeploymentPostprocessing = 0;
		};
		6A05A68B22B124DB007977AE /* Resources */ = {
			isa = PBXResourcesBuildPhase;
			buildActionMask = 2147483647;
			files = (
			);
			runOnlyForDeploymentPostprocessing = 0;
		};
/* End PBXResourcesBuildPhase section */

/* Begin PBXSourcesBuildPhase section */
		6A05A66622B124CA007977AE /* Sources */ = {
			isa = PBXSourcesBuildPhase;
			buildActionMask = 2147483647;
			files = (
				6A05A67222B124CA007977AE /* ViewController.m in Sources */,
				6A05A67D22B124DB007977AE /* main.m in Sources */,
				6A05A66F22B124CA007977AE /* AppDelegate.m in Sources */,
			);
			runOnlyForDeploymentPostprocessing = 0;
		};
		6A05A67E22B124DB007977AE /* Sources */ = {
			isa = PBXSourcesBuildPhase;
			buildActionMask = 2147483647;
			files = (
				6A05A68722B124DB007977AE /* LinkedIn_iOSTests.m in Sources */,
			);
			runOnlyForDeploymentPostprocessing = 0;
		};
		6A05A68922B124DB007977AE /* Sources */ = {
			isa = PBXSourcesBuildPhase;
			buildActionMask = 2147483647;
			files = (
				6A05A69222B124DB007977AE /* LinkedIn_iOSUITests.m in Sources */,
			);
			runOnlyForDeploymentPostprocessing = 0;
		};
/* End PBXSourcesBuildPhase section */

/* Begin PBXTargetDependency section */
		6A05A68422B124DB007977AE /* PBXTargetDependency */ = {
			isa = PBXTargetDependency;
			target = 6A05A66922B124CA007977AE /* LinkedIn-iOS */;
			targetProxy = 6A05A68322B124DB007977AE /* PBXContainerItemProxy */;
		};
		6A05A68F22B124DB007977AE /* PBXTargetDependency */ = {
			isa = PBXTargetDependency;
			target = 6A05A66922B124CA007977AE /* LinkedIn-iOS */;
			targetProxy = 6A05A68E22B124DB007977AE /* PBXContainerItemProxy */;
		};
/* End PBXTargetDependency section */

/* Begin PBXVariantGroup section */
		6A05A67322B124CA007977AE /* Main.storyboard */ = {
			isa = PBXVariantGroup;
			children = (
				6A05A67422B124CA007977AE /* Base */,
			);
			name = Main.storyboard;
			sourceTree = "<group>";
		};
		6A05A67822B124DB007977AE /* LaunchScreen.storyboard */ = {
			isa = PBXVariantGroup;
			children = (
				6A05A67922B124DB007977AE /* Base */,
			);
			name = LaunchScreen.storyboard;
			sourceTree = "<group>";
		};
/* End PBXVariantGroup section */

/* Begin XCBuildConfiguration section */
		6A05A69422B124DB007977AE /* Debug */ = {
			isa = XCBuildConfiguration;
			buildSettings = {
				ALWAYS_SEARCH_USER_PATHS = NO;
				CLANG_ANALYZER_NONNULL = YES;
				CLANG_ANALYZER_NUMBER_OBJECT_CONVERSION = YES_AGGRESSIVE;
				CLANG_CXX_LANGUAGE_STANDARD = "gnu++14";
				CLANG_CXX_LIBRARY = "libc++";
				CLANG_ENABLE_MODULES = YES;
				CLANG_ENABLE_OBJC_ARC = YES;
				CLANG_ENABLE_OBJC_WEAK = YES;
				CLANG_WARN_BLOCK_CAPTURE_AUTORELEASING = YES;
				CLANG_WARN_BOOL_CONVERSION = YES;
				CLANG_WARN_COMMA = YES;
				CLANG_WARN_CONSTANT_CONVERSION = YES;
				CLANG_WARN_DEPRECATED_OBJC_IMPLEMENTATIONS = YES;
				CLANG_WARN_DIRECT_OBJC_ISA_USAGE = YES_ERROR;
				CLANG_WARN_DOCUMENTATION_COMMENTS = YES;
				CLANG_WARN_EMPTY_BODY = YES;
				CLANG_WARN_ENUM_CONVERSION = YES;
				CLANG_WARN_INFINITE_RECURSION = YES;
				CLANG_WARN_INT_CONVERSION = YES;
				CLANG_WARN_NON_LITERAL_NULL_CONVERSION = YES;
				CLANG_WARN_OBJC_IMPLICIT_RETAIN_SELF = YES;
				CLANG_WARN_OBJC_LITERAL_CONVERSION = YES;
				CLANG_WARN_OBJC_ROOT_CLASS = YES_ERROR;
				CLANG_WARN_RANGE_LOOP_ANALYSIS = YES;
				CLANG_WARN_STRICT_PROTOTYPES = YES;
				CLANG_WARN_SUSPICIOUS_MOVE = YES;
				CLANG_WARN_UNGUARDED_AVAILABILITY = YES_AGGRESSIVE;
				CLANG_WARN_UNREACHABLE_CODE = YES;
				CLANG_WARN__DUPLICATE_METHOD_MATCH = YES;
				CODE_SIGN_IDENTITY = "iPhone Developer";
				COPY_PHASE_STRIP = NO;
				DEBUG_INFORMATION_FORMAT = dwarf;
				ENABLE_STRICT_OBJC_MSGSEND = YES;
				ENABLE_TESTABILITY = YES;
				GCC_C_LANGUAGE_STANDARD = gnu11;
				GCC_DYNAMIC_NO_PIC = NO;
				GCC_NO_COMMON_BLOCKS = YES;
				GCC_OPTIMIZATION_LEVEL = 0;
				GCC_PREPROCESSOR_DEFINITIONS = (
					"DEBUG=1",
					"$(inherited)",
				);
				GCC_WARN_64_TO_32_BIT_CONVERSION = YES;
				GCC_WARN_ABOUT_RETURN_TYPE = YES_ERROR;
				GCC_WARN_UNDECLARED_SELECTOR = YES;
				GCC_WARN_UNINITIALIZED_AUTOS = YES_AGGRESSIVE;
				GCC_WARN_UNUSED_FUNCTION = YES;
				GCC_WARN_UNUSED_VARIABLE = YES;
				IPHONEOS_DEPLOYMENT_TARGET = 12.1;
				MTL_ENABLE_DEBUG_INFO = INCLUDE_SOURCE;
				MTL_FAST_MATH = YES;
				ONLY_ACTIVE_ARCH = YES;
				SDKROOT = iphoneos;
			};
			name = Debug;
		};
		6A05A69522B124DB007977AE /* Release */ = {
			isa = XCBuildConfiguration;
			buildSettings = {
				ALWAYS_SEARCH_USER_PATHS = NO;
				CLANG_ANALYZER_NONNULL = YES;
				CLANG_ANALYZER_NUMBER_OBJECT_CONVERSION = YES_AGGRESSIVE;
				CLANG_CXX_LANGUAGE_STANDARD = "gnu++14";
				CLANG_CXX_LIBRARY = "libc++";
				CLANG_ENABLE_MODULES = YES;
				CLANG_ENABLE_OBJC_ARC = YES;
				CLANG_ENABLE_OBJC_WEAK = YES;
				CLANG_WARN_BLOCK_CAPTURE_AUTORELEASING = YES;
				CLANG_WARN_BOOL_CONVERSION = YES;
				CLANG_WARN_COMMA = YES;
				CLANG_WARN_CONSTANT_CONVERSION = YES;
				CLANG_WARN_DEPRECATED_OBJC_IMPLEMENTATIONS = YES;
				CLANG_WARN_DIRECT_OBJC_ISA_USAGE = YES_ERROR;
				CLANG_WARN_DOCUMENTATION_COMMENTS = YES;
				CLANG_WARN_EMPTY_BODY = YES;
				CLANG_WARN_ENUM_CONVERSION = YES;
				CLANG_WARN_INFINITE_RECURSION = YES;
				CLANG_WARN_INT_CONVERSION = YES;
				CLANG_WARN_NON_LITERAL_NULL_CONVERSION = YES;
				CLANG_WARN_OBJC_IMPLICIT_RETAIN_SELF = YES;
				CLANG_WARN_OBJC_LITERAL_CONVERSION = YES;
				CLANG_WARN_OBJC_ROOT_CLASS = YES_ERROR;
				CLANG_WARN_RANGE_LOOP_ANALYSIS = YES;
				CLANG_WARN_STRICT_PROTOTYPES = YES;
				CLANG_WARN_SUSPICIOUS_MOVE = YES;
				CLANG_WARN_UNGUARDED_AVAILABILITY = YES_AGGRESSIVE;
				CLANG_WARN_UNREACHABLE_CODE = YES;
				CLANG_WARN__DUPLICATE_METHOD_MATCH = YES;
				CODE_SIGN_IDENTITY = "iPhone Developer";
				COPY_PHASE_STRIP = NO;
				DEBUG_INFORMATION_FORMAT = "dwarf-with-dsym";
				ENABLE_NS_ASSERTIONS = NO;
				ENABLE_STRICT_OBJC_MSGSEND = YES;
				GCC_C_LANGUAGE_STANDARD = gnu11;
				GCC_NO_COMMON_BLOCKS = YES;
				GCC_WARN_64_TO_32_BIT_CONVERSION = YES;
				GCC_WARN_ABOUT_RETURN_TYPE = YES_ERROR;
				GCC_WARN_UNDECLARED_SELECTOR = YES;
				GCC_WARN_UNINITIALIZED_AUTOS = YES_AGGRESSIVE;
				GCC_WARN_UNUSED_FUNCTION = YES;
				GCC_WARN_UNUSED_VARIABLE = YES;
				IPHONEOS_DEPLOYMENT_TARGET = 12.1;
				MTL_ENABLE_DEBUG_INFO = NO;
				MTL_FAST_MATH = YES;
				SDKROOT = iphoneos;
				VALIDATE_PRODUCT = YES;
			};
			name = Release;
		};
		6A05A69722B124DB007977AE /* Debug */ = {
			isa = XCBuildConfiguration;
			buildSettings = {
				ASSETCATALOG_COMPILER_APPICON_NAME = AppIcon;
				CODE_SIGN_STYLE = Automatic;
				INFOPLIST_FILE = "LinkedIn-iOS/Info.plist";
				LD_RUNPATH_SEARCH_PATHS = (
					"$(inherited)",
					"@executable_path/Frameworks",
				);
				PRODUCT_BUNDLE_IDENTIFIER = "com.jayasai.LinkedIn-iOS";
				PRODUCT_NAME = "$(TARGET_NAME)";
				TARGETED_DEVICE_FAMILY = "1,2";
			};
			name = Debug;
		};
		6A05A69822B124DB007977AE /* Release */ = {
			isa = XCBuildConfiguration;
			buildSettings = {
				ASSETCATALOG_COMPILER_APPICON_NAME = AppIcon;
				CODE_SIGN_STYLE = Automatic;
				INFOPLIST_FILE = "LinkedIn-iOS/Info.plist";
				LD_RUNPATH_SEARCH_PATHS = (
					"$(inherited)",
					"@executable_path/Frameworks",
				);
				PRODUCT_BUNDLE_IDENTIFIER = "com.jayasai.LinkedIn-iOS";
				PRODUCT_NAME = "$(TARGET_NAME)";
				TARGETED_DEVICE_FAMILY = "1,2";
			};
			name = Release;
		};
		6A05A69A22B124DB007977AE /* Debug */ = {
			isa = XCBuildConfiguration;
			buildSettings = {
				BUNDLE_LOADER = "$(TEST_HOST)";
				CODE_SIGN_STYLE = Automatic;
				INFOPLIST_FILE = "LinkedIn-iOSTests/Info.plist";
				LD_RUNPATH_SEARCH_PATHS = (
					"$(inherited)",
					"@executable_path/Frameworks",
					"@loader_path/Frameworks",
				);
				PRODUCT_BUNDLE_IDENTIFIER = "com.jayasai.LinkedIn-iOSTests";
				PRODUCT_NAME = "$(TARGET_NAME)";
				TARGETED_DEVICE_FAMILY = "1,2";
				TEST_HOST = "$(BUILT_PRODUCTS_DIR)/LinkedIn-iOS.app/LinkedIn-iOS";
			};
			name = Debug;
		};
		6A05A69B22B124DB007977AE /* Release */ = {
			isa = XCBuildConfiguration;
			buildSettings = {
				BUNDLE_LOADER = "$(TEST_HOST)";
				CODE_SIGN_STYLE = Automatic;
				INFOPLIST_FILE = "LinkedIn-iOSTests/Info.plist";
				LD_RUNPATH_SEARCH_PATHS = (
					"$(inherited)",
					"@executable_path/Frameworks",
					"@loader_path/Frameworks",
				);
				PRODUCT_BUNDLE_IDENTIFIER = "com.jayasai.LinkedIn-iOSTests";
				PRODUCT_NAME = "$(TARGET_NAME)";
				TARGETED_DEVICE_FAMILY = "1,2";
				TEST_HOST = "$(BUILT_PRODUCTS_DIR)/LinkedIn-iOS.app/LinkedIn-iOS";
			};
			name = Release;
		};
		6A05A69D22B124DB007977AE /* Debug */ = {
			isa = XCBuildConfiguration;
			buildSettings = {
				CODE_SIGN_STYLE = Automatic;
				INFOPLIST_FILE = "LinkedIn-iOSUITests/Info.plist";
				LD_RUNPATH_SEARCH_PATHS = (
					"$(inherited)",
					"@executable_path/Frameworks",
					"@loader_path/Frameworks",
				);
				PRODUCT_BUNDLE_IDENTIFIER = "com.jayasai.LinkedIn-iOSUITests";
				PRODUCT_NAME = "$(TARGET_NAME)";
				TARGETED_DEVICE_FAMILY = "1,2";
				TEST_TARGET_NAME = "LinkedIn-iOS";
			};
			name = Debug;
		};
		6A05A69E22B124DB007977AE /* Release */ = {
			isa = XCBuildConfiguration;
			buildSettings = {
				CODE_SIGN_STYLE = Automatic;
				INFOPLIST_FILE = "LinkedIn-iOSUITests/Info.plist";
				LD_RUNPATH_SEARCH_PATHS = (
					"$(inherited)",
					"@executable_path/Frameworks",
					"@loader_path/Frameworks",
				);
				PRODUCT_BUNDLE_IDENTIFIER = "com.jayasai.LinkedIn-iOSUITests";
				PRODUCT_NAME = "$(TARGET_NAME)";
				TARGETED_DEVICE_FAMILY = "1,2";
				TEST_TARGET_NAME = "LinkedIn-iOS";
			};
			name = Release;
		};
/* End XCBuildConfiguration section */

/* Begin XCConfigurationList section */
		6A05A66522B124CA007977AE /* Build configuration list for PBXProject "LinkedIn-iOS" */ = {
			isa = XCConfigurationList;
			buildConfigurations = (
				6A05A69422B124DB007977AE /* Debug */,
				6A05A69522B124DB007977AE /* Release */,
			);
			defaultConfigurationIsVisible = 0;
			defaultConfigurationName = Release;
		};
		6A05A69622B124DB007977AE /* Build configuration list for PBXNativeTarget "LinkedIn-iOS" */ = {
			isa = XCConfigurationList;
			buildConfigurations = (
				6A05A69722B124DB007977AE /* Debug */,
				6A05A69822B124DB007977AE /* Release */,
			);
			defaultConfigurationIsVisible = 0;
			defaultConfigurationName = Release;
		};
		6A05A69922B124DB007977AE /* Build configuration list for PBXNativeTarget "LinkedIn-iOSTests" */ = {
			isa = XCConfigurationList;
			buildConfigurations = (
				6A05A69A22B124DB007977AE /* Debug */,
				6A05A69B22B124DB007977AE /* Release */,
			);
			defaultConfigurationIsVisible = 0;
			defaultConfigurationName = Release;
		};
		6A05A69C22B124DB007977AE /* Build configuration list for PBXNativeTarget "LinkedIn-iOSUITests" */ = {
			isa = XCConfigurationList;
			buildConfigurations = (
				6A05A69D22B124DB007977AE /* Debug */,
				6A05A69E22B124DB007977AE /* Release */,
			);
			defaultConfigurationIsVisible = 0;
			defaultConfigurationName = Release;
		};
/* End XCConfigurationList section */
	};
	rootObject = 6A05A66222B124CA007977AE /* Project object */;
}
